
Microsoft Visual Studio Solution File, Format Version 12.00
# Visual Studio Version 17
VisualStudioVersion = 17.6.33829.357
MinimumVisualStudioVersion = 10.0.40219.1
Project("{9A19103F-16F7-4668-BE54-9A1E7A4F7556}") = "QGISEFApi", "QGISEFApi\QGISEFApi.csproj", "{5B168486-8B75-4563-9768-EC00B837D95B}"
EndProject
Project("{9A19103F-16F7-4668-BE54-9A1E7A4F7556}") = "QGISBlazorWebAssemblyApplication", "QGISBlazorWebAssemblyApplication\QGISBlazorWebAssemblyApplication.csproj", "{59FA1F75-907A-47C9-BBD9-67CB57E41BFE}"
EndProject
Project("{9A19103F-16F7-4668-BE54-9A1E7A4F7556}") = "QGISDirectDatabaseConnectionApi", "QGISDirectDbConnection\QGISDirectDatabaseConnectionApi.csproj", "{D29A621B-4B92-4565-B29A-C979F534C5D9}"
EndProject
Project("{2150E333-8FDC-42A3-9474-1A3956D46DE8}") = "Settings", "Settings", "{C05A4890-D74A-4C65-BF12-6E77E4913B0E}"
	ProjectSection(SolutionItems) = preProject
		.editorconfig = .editorconfig
	EndProjectSection
EndProject
Global
	GlobalSection(SolutionConfigurationPlatforms) = preSolution
		Debug|Any CPU = Debug|Any CPU
		Release|Any CPU = Release|Any CPU
	EndGlobalSection
	GlobalSection(ProjectConfigurationPlatforms) = postSolution
		{5B168486-8B75-4563-9768-EC00B837D95B}.Debug|Any CPU.ActiveCfg = Debug|Any CPU
		{5B168486-8B75-4563-9768-EC00B837D95B}.Debug|Any CPU.Build.0 = Debug|Any CPU
		{5B168486-8B75-4563-9768-EC00B837D95B}.Release|Any CPU.ActiveCfg = Release|Any CPU
		{5B168486-8B75-4563-9768-EC00B837D95B}.Release|Any CPU.Build.0 = Release|Any CPU
		{59FA1F75-907A-47C9-BBD9-67CB57E41BFE}.Debug|Any CPU.ActiveCfg = Debug|Any CPU
		{59FA1F75-907A-47C9-BBD9-67CB57E41BFE}.Debug|Any CPU.Build.0 = Debug|Any CPU
		{59FA1F75-907A-47C9-BBD9-67CB57E41BFE}.Release|Any CPU.ActiveCfg = Release|Any CPU
		{59FA1F75-907A-47C9-BBD9-67CB57E41BFE}.Release|Any CPU.Build.0 = Release|Any CPU
		{D29A621B-4B92-4565-B29A-C979F534C5D9}.Debug|Any CPU.ActiveCfg = Debug|Any CPU
		{D29A621B-4B92-4565-B29A-C979F534C5D9}.Debug|Any CPU.Build.0 = Debug|Any CPU
		{D29A621B-4B92-4565-B29A-C979F534C5D9}.Release|Any CPU.ActiveCfg = Release|Any CPU
		{D29A621B-4B92-4565-B29A-C979F534C5D9}.Release|Any CPU.Build.0 = Release|Any CPU
	EndGlobalSection
	GlobalSection(SolutionProperties) = preSolution
		HideSolutionNode = FALSE
	EndGlobalSection
	GlobalSection(ExtensibilityGlobals) = postSolution
		SolutionGuid = {0D5D33F4-63C9-4FCF-9E7F-B0D1106F333F}
	EndGlobalSection
EndGlobal
